
Microsoft Visual Studio Solution File, Format Version 12.00
# Visual Studio Version 17
VisualStudioVersion = 17.4.33110.190
MinimumVisualStudioVersion = 10.0.40219.1
Project("{FAE04EC0-301F-11D3-BF4B-00C04F79EFBC}") = "BaiTest2023", "BaiTest2023\BaiTest2023.csproj", "{BE55A4C3-2CD1-4920-A041-800C2CE33620}"
EndProject
Global
	GlobalSection(SolutionConfigurationPlatforms) = preSolution
		Debug|Any CPU = Debug|Any CPU
		Release|Any CPU = Release|Any CPU
	EndGlobalSection
	GlobalSection(ProjectConfigurationPlatforms) = postSolution
		{BE55A4C3-2CD1-4920-A041-800C2CE33620}.Debug|Any CPU.ActiveCfg = Debug|Any CPU
		{BE55A4C3-2CD1-4920-A041-800C2CE33620}.Debug|Any CPU.Build.0 = Debug|Any CPU
		{BE55A4C3-2CD1-4920-A041-800C2CE33620}.Release|Any CPU.ActiveCfg = Release|Any CPU
		{BE55A4C3-2CD1-4920-A041-800C2CE33620}.Release|Any CPU.Build.0 = Release|Any CPU
	EndGlobalSection
	GlobalSection(SolutionProperties) = preSolution
		HideSolutionNode = FALSE
	EndGlobalSection
	GlobalSection(ExtensibilityGlobals) = postSolution
		SolutionGuid = {9C4C3CF1-01FE-4B0E-B8A8-7E82812BED29}
	EndGlobalSection
EndGlobal
